// !$*UTF8*$!
{
	archiveVersion = 1;
	classes = {
	};
	objectVersion = 50;
	objects = {

/* Begin PBXBuildFile section */
		058557BB273AAA24004C7B11 /* Assets.xcassets in Resources */ = {isa = PBXBuildFile; fileRef = 058557BA273AAA24004C7B11 /* Assets.xcassets */; };
		058557D9273AAEEB004C7B11 /* Preview Assets.xcassets in Resources */ = {isa = PBXBuildFile; fileRef = 058557D8273AAEEB004C7B11 /* Preview Assets.xcassets */; };
		2152FB042600AC8F00CF470E /* iOSApp.swift in Sources */ = {isa = PBXBuildFile; fileRef = 2152FB032600AC8F00CF470E /* iOSApp.swift */; };
		261550BC295B572600CEC9DC /* JarNoDetails.swift in Sources */ = {isa = PBXBuildFile; fileRef = 261550BB295B572600CEC9DC /* JarNoDetails.swift */; };
		261550BE295B574800CEC9DC /* NotRegistered.swift in Sources */ = {isa = PBXBuildFile; fileRef = 261550BD295B574800CEC9DC /* NotRegistered.swift */; };
		261550C1295B57F000CEC9DC /* SingleJarMinimized.swift in Sources */ = {isa = PBXBuildFile; fileRef = 261550C0295B57F000CEC9DC /* SingleJarMinimized.swift */; };
		261550C3295B602C00CEC9DC /* Account.swift in Sources */ = {isa = PBXBuildFile; fileRef = 261550C2295B602C00CEC9DC /* Account.swift */; };
		2637B43E2971BCF30079151C /* (null) in Frameworks */ = {isa = PBXBuildFile; };
		2637B44229721CBC0079151C /* SignIn.swift in Sources */ = {isa = PBXBuildFile; fileRef = 2637B44129721CBC0079151C /* SignIn.swift */; };
		2637B444297220170079151C /* SignUp.swift in Sources */ = {isa = PBXBuildFile; fileRef = 2637B443297220160079151C /* SignUp.swift */; };
		2637B446297223370079151C /* UIConstants.swift in Sources */ = {isa = PBXBuildFile; fileRef = 2637B445297223370079151C /* UIConstants.swift */; };
		2637B4482972236A0079151C /* Font.swift in Sources */ = {isa = PBXBuildFile; fileRef = 2637B4472972236A0079151C /* Font.swift */; };
		2637B44A297223F20079151C /* Color.swift in Sources */ = {isa = PBXBuildFile; fileRef = 2637B449297223F20079151C /* Color.swift */; };
		266948DB298041FE0006A2F2 /* UserAuth.swift in Sources */ = {isa = PBXBuildFile; fileRef = 266948DA298041FE0006A2F2 /* UserAuth.swift */; };
		266948DE2980421C0006A2F2 /* AccountSettings.swift in Sources */ = {isa = PBXBuildFile; fileRef = 266948DD2980421C0006A2F2 /* AccountSettings.swift */; };
		2683058429560CA9004BF8C4 /* ViewJar.swift in Sources */ = {isa = PBXBuildFile; fileRef = 2683058329560CA9004BF8C4 /* ViewJar.swift */; };
		2683058629560CB8004BF8C4 /* MyJars.swift in Sources */ = {isa = PBXBuildFile; fileRef = 2683058529560CB8004BF8C4 /* MyJars.swift */; };
		2683058829560CC4004BF8C4 /* PreviousJars.swift in Sources */ = {isa = PBXBuildFile; fileRef = 2683058729560CC4004BF8C4 /* PreviousJars.swift */; };
		2683058B29560D00004BF8C4 /* HomePage.swift in Sources */ = {isa = PBXBuildFile; fileRef = 2683058A29560D00004BF8C4 /* HomePage.swift */; };
		2683058E29560FDF004BF8C4 /* TapJarButton.swift in Sources */ = {isa = PBXBuildFile; fileRef = 2683058D29560FDF004BF8C4 /* TapJarButton.swift */; };
		2683059129561039004BF8C4 /* Buttons.swift in Sources */ = {isa = PBXBuildFile; fileRef = 2683059029561039004BF8C4 /* Buttons.swift */; };
		26830593295610A9004BF8C4 /* Extensions.swift in Sources */ = {isa = PBXBuildFile; fileRef = 26830592295610A9004BF8C4 /* Extensions.swift */; };
		26B7D2C5296F9F8C006D5228 /* ReadNFC.swift in Sources */ = {isa = PBXBuildFile; fileRef = 26B7D2C4296F9F8C006D5228 /* ReadNFC.swift */; };
		26C04EB9296F5E9E00640FDC /* JarModal.swift in Sources */ = {isa = PBXBuildFile; fileRef = 26C04EB8296F5E9E00640FDC /* JarModal.swift */; };
		26CF9C11299E5A2500B778B9 /* JarRingClipApp.swift in Sources */ = {isa = PBXBuildFile; fileRef = 26CF9C10299E5A2500B778B9 /* JarRingClipApp.swift */; };
		26CF9C15299E5A2700B778B9 /* Assets.xcassets in Resources */ = {isa = PBXBuildFile; fileRef = 26CF9C14299E5A2700B778B9 /* Assets.xcassets */; };
		26CF9C18299E5A2700B778B9 /* Preview Assets.xcassets in Resources */ = {isa = PBXBuildFile; fileRef = 26CF9C17299E5A2700B778B9 /* Preview Assets.xcassets */; };
		26CF9C1D299E5A2700B778B9 /* JarRingClip.app in Embed App Clips */ = {isa = PBXBuildFile; fileRef = 26CF9C0E299E5A2400B778B9 /* JarRingClip.app */; settings = {ATTRIBUTES = (RemoveHeadersOnCopy, ); }; };
		26CF9C24299EA46B00B778B9 /* SignUp.swift in Sources */ = {isa = PBXBuildFile; fileRef = 2637B443297220160079151C /* SignUp.swift */; };
		26CF9C25299EA46B00B778B9 /* SignIn.swift in Sources */ = {isa = PBXBuildFile; fileRef = 2637B44129721CBC0079151C /* SignIn.swift */; };
		26CF9C26299EA46B00B778B9 /* UserAuth.swift in Sources */ = {isa = PBXBuildFile; fileRef = 266948DA298041FE0006A2F2 /* UserAuth.swift */; };
		26CF9C27299EA46B00B778B9 /* AccountSettings.swift in Sources */ = {isa = PBXBuildFile; fileRef = 266948DD2980421C0006A2F2 /* AccountSettings.swift */; };
		26CF9C2A299EA46B00B778B9 /* ContentView.swift in Sources */ = {isa = PBXBuildFile; fileRef = 7555FF82242A565900829871 /* ContentView.swift */; };
		26CF9C2C299EA47D00B778B9 /* ReadNFC.swift in Sources */ = {isa = PBXBuildFile; fileRef = 26B7D2C4296F9F8C006D5228 /* ReadNFC.swift */; };
		26CF9C2D299EA47D00B778B9 /* SingleJarMinimized.swift in Sources */ = {isa = PBXBuildFile; fileRef = 261550C0295B57F000CEC9DC /* SingleJarMinimized.swift */; };
		26CF9C2E299EA47D00B778B9 /* JarDetails.swift in Sources */ = {isa = PBXBuildFile; fileRef = 26FC5B4B295B4406001C4881 /* JarDetails.swift */; };
		26CF9C2F299EA47D00B778B9 /* JarNoDetails.swift in Sources */ = {isa = PBXBuildFile; fileRef = 261550BB295B572600CEC9DC /* JarNoDetails.swift */; };
		26CF9C30299EA47D00B778B9 /* NotRegistered.swift in Sources */ = {isa = PBXBuildFile; fileRef = 261550BD295B574800CEC9DC /* NotRegistered.swift */; };
		26CF9C31299EA47D00B778B9 /* Account.swift in Sources */ = {isa = PBXBuildFile; fileRef = 261550C2295B602C00CEC9DC /* Account.swift */; };
		26CF9C32299EA47D00B778B9 /* Buttons.swift in Sources */ = {isa = PBXBuildFile; fileRef = 2683059029561039004BF8C4 /* Buttons.swift */; };
		26CF9C33299EA47D00B778B9 /* UIConstants.swift in Sources */ = {isa = PBXBuildFile; fileRef = 2637B445297223370079151C /* UIConstants.swift */; };
		26CF9C34299EA47D00B778B9 /* Font.swift in Sources */ = {isa = PBXBuildFile; fileRef = 2637B4472972236A0079151C /* Font.swift */; };
		26CF9C35299EA47D00B778B9 /* Color.swift in Sources */ = {isa = PBXBuildFile; fileRef = 2637B449297223F20079151C /* Color.swift */; };
		26CF9C36299EA47D00B778B9 /* TapJarButton.swift in Sources */ = {isa = PBXBuildFile; fileRef = 2683058D29560FDF004BF8C4 /* TapJarButton.swift */; };
		26CF9C37299EA47D00B778B9 /* HomePage.swift in Sources */ = {isa = PBXBuildFile; fileRef = 2683058A29560D00004BF8C4 /* HomePage.swift */; };
		26CF9C38299EA47D00B778B9 /* Extensions.swift in Sources */ = {isa = PBXBuildFile; fileRef = 26830592295610A9004BF8C4 /* Extensions.swift */; };
		26CF9C39299EA47D00B778B9 /* ViewJar.swift in Sources */ = {isa = PBXBuildFile; fileRef = 2683058329560CA9004BF8C4 /* ViewJar.swift */; };
		26CF9C3A299EA47D00B778B9 /* MyJars.swift in Sources */ = {isa = PBXBuildFile; fileRef = 2683058529560CB8004BF8C4 /* MyJars.swift */; };
		26CF9C3B299EA47D00B778B9 /* PreviousJars.swift in Sources */ = {isa = PBXBuildFile; fileRef = 2683058729560CC4004BF8C4 /* PreviousJars.swift */; };
		26CF9C3C299EA4DC00B778B9 /* ViewModel.swift in Sources */ = {isa = PBXBuildFile; fileRef = 26D884A52965FA51003BA81C /* ViewModel.swift */; };
		26CF9C3D299EA4DC00B778B9 /* JarModal.swift in Sources */ = {isa = PBXBuildFile; fileRef = 26C04EB8296F5E9E00640FDC /* JarModal.swift */; };
		26CF9C3E299EA51100B778B9 /* Assets.xcassets in Resources */ = {isa = PBXBuildFile; fileRef = 058557BA273AAA24004C7B11 /* Assets.xcassets */; };
		26D884A62965FA51003BA81C /* ViewModel.swift in Sources */ = {isa = PBXBuildFile; fileRef = 26D884A52965FA51003BA81C /* ViewModel.swift */; };
		26FC5B4C295B4406001C4881 /* JarDetails.swift in Sources */ = {isa = PBXBuildFile; fileRef = 26FC5B4B295B4406001C4881 /* JarDetails.swift */; };
		2A0EC768563FFF8003DD5ABB /* Pods_JarRingClip.framework in Frameworks */ = {isa = PBXBuildFile; fileRef = CD55DD8A19D38FB846C2A7C7 /* Pods_JarRingClip.framework */; };
		7555FF83242A565900829871 /* ContentView.swift in Sources */ = {isa = PBXBuildFile; fileRef = 7555FF82242A565900829871 /* ContentView.swift */; };
		C384D8AF2A8F42426085C57F /* Pods_iosApp.framework in Frameworks */ = {isa = PBXBuildFile; fileRef = 26AC0E092996ADB00044496B /* Pods_iosApp.framework */; };
/* End PBXBuildFile section */

/* Begin PBXContainerItemProxy section */
		26CF9C1B299E5A2700B778B9 /* PBXContainerItemProxy */ = {
			isa = PBXContainerItemProxy;
			containerPortal = 7555FF73242A565900829871 /* Project object */;
			proxyType = 1;
			remoteGlobalIDString = 26CF9C0D299E5A2400B778B9;
			remoteInfo = JarRingClip;
		};
/* End PBXContainerItemProxy section */

/* Begin PBXCopyFilesBuildPhase section */
		26A5EBE42996A1CC00E8D37E /* Embed App Clips */ = {
			isa = PBXCopyFilesBuildPhase;
			buildActionMask = 2147483647;
			dstPath = "$(CONTENTS_FOLDER_PATH)/AppClips";
			dstSubfolderSpec = 16;
			files = (
				26CF9C1D299E5A2700B778B9 /* JarRingClip.app in Embed App Clips */,
			);
			name = "Embed App Clips";
			runOnlyForDeploymentPostprocessing = 0;
		};
/* End PBXCopyFilesBuildPhase section */

/* Begin PBXFileReference section */
		058557BA273AAA24004C7B11 /* Assets.xcassets */ = {isa = PBXFileReference; lastKnownFileType = folder.assetcatalog; path = Assets.xcassets; sourceTree = "<group>"; };
		058557D8273AAEEB004C7B11 /* Preview Assets.xcassets */ = {isa = PBXFileReference; lastKnownFileType = folder.assetcatalog; path = "Preview Assets.xcassets"; sourceTree = "<group>"; };
		2152FB032600AC8F00CF470E /* iOSApp.swift */ = {isa = PBXFileReference; lastKnownFileType = sourcecode.swift; path = iOSApp.swift; sourceTree = "<group>"; };
		256DFE90201F9EE17E65ABAC /* Pods-JarRingClip.debug.xcconfig */ = {isa = PBXFileReference; includeInIndex = 1; lastKnownFileType = text.xcconfig; name = "Pods-JarRingClip.debug.xcconfig"; path = "Target Support Files/Pods-JarRingClip/Pods-JarRingClip.debug.xcconfig"; sourceTree = "<group>"; };
		261550BB295B572600CEC9DC /* JarNoDetails.swift */ = {isa = PBXFileReference; lastKnownFileType = sourcecode.swift; path = JarNoDetails.swift; sourceTree = "<group>"; };
		261550BD295B574800CEC9DC /* NotRegistered.swift */ = {isa = PBXFileReference; lastKnownFileType = sourcecode.swift; path = NotRegistered.swift; sourceTree = "<group>"; };
		261550C0295B57F000CEC9DC /* SingleJarMinimized.swift */ = {isa = PBXFileReference; lastKnownFileType = sourcecode.swift; path = SingleJarMinimized.swift; sourceTree = "<group>"; };
		261550C2295B602C00CEC9DC /* Account.swift */ = {isa = PBXFileReference; lastKnownFileType = sourcecode.swift; path = Account.swift; sourceTree = "<group>"; };
		2637B44129721CBC0079151C /* SignIn.swift */ = {isa = PBXFileReference; lastKnownFileType = sourcecode.swift; path = SignIn.swift; sourceTree = "<group>"; };
		2637B443297220160079151C /* SignUp.swift */ = {isa = PBXFileReference; lastKnownFileType = sourcecode.swift; path = SignUp.swift; sourceTree = "<group>"; };
		2637B445297223370079151C /* UIConstants.swift */ = {isa = PBXFileReference; lastKnownFileType = sourcecode.swift; path = UIConstants.swift; sourceTree = "<group>"; };
		2637B4472972236A0079151C /* Font.swift */ = {isa = PBXFileReference; lastKnownFileType = sourcecode.swift; path = Font.swift; sourceTree = "<group>"; };
		2637B449297223F20079151C /* Color.swift */ = {isa = PBXFileReference; lastKnownFileType = sourcecode.swift; path = Color.swift; sourceTree = "<group>"; };
		266948DA298041FE0006A2F2 /* UserAuth.swift */ = {isa = PBXFileReference; lastKnownFileType = sourcecode.swift; path = UserAuth.swift; sourceTree = "<group>"; };
		266948DD2980421C0006A2F2 /* AccountSettings.swift */ = {isa = PBXFileReference; lastKnownFileType = sourcecode.swift; path = AccountSettings.swift; sourceTree = "<group>"; };
		2683058329560CA9004BF8C4 /* ViewJar.swift */ = {isa = PBXFileReference; lastKnownFileType = sourcecode.swift; path = ViewJar.swift; sourceTree = "<group>"; };
		2683058529560CB8004BF8C4 /* MyJars.swift */ = {isa = PBXFileReference; lastKnownFileType = sourcecode.swift; path = MyJars.swift; sourceTree = "<group>"; };
		2683058729560CC4004BF8C4 /* PreviousJars.swift */ = {isa = PBXFileReference; lastKnownFileType = sourcecode.swift; path = PreviousJars.swift; sourceTree = "<group>"; };
		2683058A29560D00004BF8C4 /* HomePage.swift */ = {isa = PBXFileReference; lastKnownFileType = sourcecode.swift; path = HomePage.swift; sourceTree = "<group>"; };
		2683058D29560FDF004BF8C4 /* TapJarButton.swift */ = {isa = PBXFileReference; lastKnownFileType = sourcecode.swift; path = TapJarButton.swift; sourceTree = "<group>"; };
		2683059029561039004BF8C4 /* Buttons.swift */ = {isa = PBXFileReference; lastKnownFileType = sourcecode.swift; path = Buttons.swift; sourceTree = "<group>"; };
		26830592295610A9004BF8C4 /* Extensions.swift */ = {isa = PBXFileReference; lastKnownFileType = sourcecode.swift; path = Extensions.swift; sourceTree = "<group>"; };
		26AC0E092996ADB00044496B /* Pods_iosApp.framework */ = {isa = PBXFileReference; explicitFileType = wrapper.framework; path = Pods_iosApp.framework; sourceTree = BUILT_PRODUCTS_DIR; };
		26B7D2C2296F9E30006D5228 /* iosApp.entitlements */ = {isa = PBXFileReference; lastKnownFileType = text.plist.entitlements; path = iosApp.entitlements; sourceTree = "<group>"; };
		26B7D2C4296F9F8C006D5228 /* ReadNFC.swift */ = {isa = PBXFileReference; lastKnownFileType = sourcecode.swift; path = ReadNFC.swift; sourceTree = "<group>"; };
		26C04EB8296F5E9E00640FDC /* JarModal.swift */ = {isa = PBXFileReference; lastKnownFileType = sourcecode.swift; path = JarModal.swift; sourceTree = "<group>"; };
		26CF9C0E299E5A2400B778B9 /* JarRingClip.app */ = {isa = PBXFileReference; explicitFileType = wrapper.application; includeInIndex = 0; path = JarRingClip.app; sourceTree = BUILT_PRODUCTS_DIR; };
		26CF9C10299E5A2500B778B9 /* JarRingClipApp.swift */ = {isa = PBXFileReference; lastKnownFileType = sourcecode.swift; path = JarRingClipApp.swift; sourceTree = "<group>"; };
		26CF9C14299E5A2700B778B9 /* Assets.xcassets */ = {isa = PBXFileReference; lastKnownFileType = folder.assetcatalog; path = Assets.xcassets; sourceTree = "<group>"; };
		26CF9C17299E5A2700B778B9 /* Preview Assets.xcassets */ = {isa = PBXFileReference; lastKnownFileType = folder.assetcatalog; path = "Preview Assets.xcassets"; sourceTree = "<group>"; };
		26CF9C19299E5A2700B778B9 /* Info.plist */ = {isa = PBXFileReference; lastKnownFileType = text.plist.xml; path = Info.plist; sourceTree = "<group>"; };
		26CF9C1A299E5A2700B778B9 /* JarRingClip.entitlements */ = {isa = PBXFileReference; lastKnownFileType = text.plist.entitlements; path = JarRingClip.entitlements; sourceTree = "<group>"; };
		26D884A52965FA51003BA81C /* ViewModel.swift */ = {isa = PBXFileReference; lastKnownFileType = sourcecode.swift; path = ViewModel.swift; sourceTree = "<group>"; };
		26FC5B4B295B4406001C4881 /* JarDetails.swift */ = {isa = PBXFileReference; lastKnownFileType = sourcecode.swift; path = JarDetails.swift; sourceTree = "<group>"; };
		2D0246D5738060BFD2BCC1B7 /* Pods-iosApp.debug.xcconfig */ = {isa = PBXFileReference; includeInIndex = 1; lastKnownFileType = text.xcconfig; name = "Pods-iosApp.debug.xcconfig"; path = "Target Support Files/Pods-iosApp/Pods-iosApp.debug.xcconfig"; sourceTree = "<group>"; };
		6A04AFE761E2F40178AACF9D /* Pods-JarRingClip.release.xcconfig */ = {isa = PBXFileReference; includeInIndex = 1; lastKnownFileType = text.xcconfig; name = "Pods-JarRingClip.release.xcconfig"; path = "Target Support Files/Pods-JarRingClip/Pods-JarRingClip.release.xcconfig"; sourceTree = "<group>"; };
		7555FF7B242A565900829871 /* iosApp.app */ = {isa = PBXFileReference; explicitFileType = wrapper.application; includeInIndex = 0; path = iosApp.app; sourceTree = BUILT_PRODUCTS_DIR; };
		7555FF82242A565900829871 /* ContentView.swift */ = {isa = PBXFileReference; lastKnownFileType = sourcecode.swift; path = ContentView.swift; sourceTree = "<group>"; };
		7555FF8C242A565B00829871 /* Info.plist */ = {isa = PBXFileReference; lastKnownFileType = text.plist.xml; path = Info.plist; sourceTree = "<group>"; };
		CD55DD8A19D38FB846C2A7C7 /* Pods_JarRingClip.framework */ = {isa = PBXFileReference; explicitFileType = wrapper.framework; includeInIndex = 0; path = Pods_JarRingClip.framework; sourceTree = BUILT_PRODUCTS_DIR; };
		D1062D517B5F35304B67EB09 /* Pods-iosApp.release.xcconfig */ = {isa = PBXFileReference; includeInIndex = 1; lastKnownFileType = text.xcconfig; name = "Pods-iosApp.release.xcconfig"; path = "Target Support Files/Pods-iosApp/Pods-iosApp.release.xcconfig"; sourceTree = "<group>"; };
/* End PBXFileReference section */

/* Begin PBXFrameworksBuildPhase section */
		26CF9C0B299E5A2400B778B9 /* Frameworks */ = {
			isa = PBXFrameworksBuildPhase;
			buildActionMask = 2147483647;
			files = (
				2A0EC768563FFF8003DD5ABB /* Pods_JarRingClip.framework in Frameworks */,
			);
			runOnlyForDeploymentPostprocessing = 0;
		};
		7555FF78242A565900829871 /* Frameworks */ = {
			isa = PBXFrameworksBuildPhase;
			buildActionMask = 2147483647;
			files = (
				2637B43E2971BCF30079151C /* (null) in Frameworks */,
				C384D8AF2A8F42426085C57F /* Pods_iosApp.framework in Frameworks */,
			);
			runOnlyForDeploymentPostprocessing = 0;
		};
/* End PBXFrameworksBuildPhase section */

/* Begin PBXGroup section */
		058557D7273AAEEB004C7B11 /* Preview Content */ = {
			isa = PBXGroup;
			children = (
				058557D8273AAEEB004C7B11 /* Preview Assets.xcassets */,
			);
			path = "Preview Content";
			sourceTree = "<group>";
		};
		261550BF295B579700CEC9DC /* JarComponents */ = {
			isa = PBXGroup;
			children = (
				261550C0295B57F000CEC9DC /* SingleJarMinimized.swift */,
			);
			path = JarComponents;
			sourceTree = "<group>";
		};
		2637B44029721CA20079151C /* Account */ = {
			isa = PBXGroup;
			children = (
				266948DC298042020006A2F2 /* UserAuth */,
				266948DA298041FE0006A2F2 /* UserAuth.swift */,
				266948DD2980421C0006A2F2 /* AccountSettings.swift */,
			);
			path = Account;
			sourceTree = "<group>";
		};
		266948DC298042020006A2F2 /* UserAuth */ = {
			isa = PBXGroup;
			children = (
				2637B443297220160079151C /* SignUp.swift */,
				2637B44129721CBC0079151C /* SignIn.swift */,
			);
			path = UserAuth;
			sourceTree = "<group>";
		};
		2683058229560C89004BF8C4 /* Tabs */ = {
			isa = PBXGroup;
			children = (
				2683058329560CA9004BF8C4 /* ViewJar.swift */,
				2683058529560CB8004BF8C4 /* MyJars.swift */,
				2683058729560CC4004BF8C4 /* PreviousJars.swift */,
			);
			path = Tabs;
			sourceTree = "<group>";
		};
		2683058929560CED004BF8C4 /* ViewJar */ = {
			isa = PBXGroup;
			children = (
				2683058C29560FCC004BF8C4 /* Comps */,
				2683058A29560D00004BF8C4 /* HomePage.swift */,
				26830592295610A9004BF8C4 /* Extensions.swift */,
			);
			path = ViewJar;
			sourceTree = "<group>";
		};
		2683058C29560FCC004BF8C4 /* Comps */ = {
			isa = PBXGroup;
			children = (
				2683058D29560FDF004BF8C4 /* TapJarButton.swift */,
			);
			path = Comps;
			sourceTree = "<group>";
		};
		2683058F29561025004BF8C4 /* GlobalStyles */ = {
			isa = PBXGroup;
			children = (
				2683059029561039004BF8C4 /* Buttons.swift */,
				2637B445297223370079151C /* UIConstants.swift */,
				2637B4472972236A0079151C /* Font.swift */,
				2637B449297223F20079151C /* Color.swift */,
			);
			path = GlobalStyles;
			sourceTree = "<group>";
		};
		26B7D2C3296F9F4D006D5228 /* NFC */ = {
			isa = PBXGroup;
			children = (
				26B7D2C4296F9F8C006D5228 /* ReadNFC.swift */,
			);
			path = NFC;
			sourceTree = "<group>";
		};
		26CF9C0F299E5A2500B778B9 /* JarRingClip */ = {
			isa = PBXGroup;
			children = (
				26CF9C10299E5A2500B778B9 /* JarRingClipApp.swift */,
				26CF9C14299E5A2700B778B9 /* Assets.xcassets */,
				26CF9C19299E5A2700B778B9 /* Info.plist */,
				26CF9C1A299E5A2700B778B9 /* JarRingClip.entitlements */,
				26CF9C16299E5A2700B778B9 /* Preview Content */,
			);
			path = JarRingClip;
			sourceTree = "<group>";
		};
		26CF9C16299E5A2700B778B9 /* Preview Content */ = {
			isa = PBXGroup;
			children = (
				26CF9C17299E5A2700B778B9 /* Preview Assets.xcassets */,
			);
			path = "Preview Content";
			sourceTree = "<group>";
		};
		26FC5B4A295B43F9001C4881 /* Modals */ = {
			isa = PBXGroup;
			children = (
				26FC5B4B295B4406001C4881 /* JarDetails.swift */,
				261550BB295B572600CEC9DC /* JarNoDetails.swift */,
				261550BD295B574800CEC9DC /* NotRegistered.swift */,
				261550C2295B602C00CEC9DC /* Account.swift */,
			);
			path = Modals;
			sourceTree = "<group>";
		};
		48C12D0A5416E1A860A36182 /* Pods */ = {
			isa = PBXGroup;
			children = (
				2D0246D5738060BFD2BCC1B7 /* Pods-iosApp.debug.xcconfig */,
				D1062D517B5F35304B67EB09 /* Pods-iosApp.release.xcconfig */,
				256DFE90201F9EE17E65ABAC /* Pods-JarRingClip.debug.xcconfig */,
				6A04AFE761E2F40178AACF9D /* Pods-JarRingClip.release.xcconfig */,
			);
			path = Pods;
			sourceTree = "<group>";
		};
		7555FF72242A565900829871 = {
			isa = PBXGroup;
			children = (
				7555FF7D242A565900829871 /* iosApp */,
				26CF9C0F299E5A2500B778B9 /* JarRingClip */,
				7555FF7C242A565900829871 /* Products */,
				7555FFB0242A642200829871 /* Frameworks */,
				48C12D0A5416E1A860A36182 /* Pods */,
			);
			sourceTree = "<group>";
		};
		7555FF7C242A565900829871 /* Products */ = {
			isa = PBXGroup;
			children = (
				7555FF7B242A565900829871 /* iosApp.app */,
				26CF9C0E299E5A2400B778B9 /* JarRingClip.app */,
			);
			name = Products;
			sourceTree = "<group>";
		};
		7555FF7D242A565900829871 /* iosApp */ = {
			isa = PBXGroup;
			children = (
				2637B44029721CA20079151C /* Account */,
				26B7D2C3296F9F4D006D5228 /* NFC */,
				26B7D2C2296F9E30006D5228 /* iosApp.entitlements */,
				261550BF295B579700CEC9DC /* JarComponents */,
				26FC5B4A295B43F9001C4881 /* Modals */,
				2683058F29561025004BF8C4 /* GlobalStyles */,
				2683058929560CED004BF8C4 /* ViewJar */,
				2683058229560C89004BF8C4 /* Tabs */,
				058557BA273AAA24004C7B11 /* Assets.xcassets */,
				7555FF82242A565900829871 /* ContentView.swift */,
				7555FF8C242A565B00829871 /* Info.plist */,
				2152FB032600AC8F00CF470E /* iOSApp.swift */,
				058557D7273AAEEB004C7B11 /* Preview Content */,
				26D884A52965FA51003BA81C /* ViewModel.swift */,
				26C04EB8296F5E9E00640FDC /* JarModal.swift */,
			);
			path = iosApp;
			sourceTree = "<group>";
		};
		7555FFB0242A642200829871 /* Frameworks */ = {
			isa = PBXGroup;
			children = (
				26AC0E092996ADB00044496B /* Pods_iosApp.framework */,
				CD55DD8A19D38FB846C2A7C7 /* Pods_JarRingClip.framework */,
			);
			name = Frameworks;
			sourceTree = "<group>";
		};
/* End PBXGroup section */

/* Begin PBXNativeTarget section */
		26CF9C0D299E5A2400B778B9 /* JarRingClip */ = {
			isa = PBXNativeTarget;
			buildConfigurationList = 26CF9C1E299E5A2700B778B9 /* Build configuration list for PBXNativeTarget "JarRingClip" */;
			buildPhases = (
				C8941EF53AA4742230655BA2 /* [CP] Check Pods Manifest.lock */,
				26CF9C0A299E5A2400B778B9 /* Sources */,
				26CF9C0B299E5A2400B778B9 /* Frameworks */,
				26CF9C0C299E5A2400B778B9 /* Resources */,
			);
			buildRules = (
			);
			dependencies = (
			);
			name = JarRingClip;
			productName = JarRingClip;
			productReference = 26CF9C0E299E5A2400B778B9 /* JarRingClip.app */;
			productType = "com.apple.product-type.application.on-demand-install-capable";
		};
		7555FF7A242A565900829871 /* iosApp */ = {
			isa = PBXNativeTarget;
			buildConfigurationList = 7555FFA5242A565B00829871 /* Build configuration list for PBXNativeTarget "iosApp" */;
			buildPhases = (
				26D7489CBCCB3EA78976CC04 /* [CP] Check Pods Manifest.lock */,
				7555FF77242A565900829871 /* Sources */,
				7555FF78242A565900829871 /* Frameworks */,
				7555FF79242A565900829871 /* Resources */,
				26A5EBE42996A1CC00E8D37E /* Embed App Clips */,
			);
			buildRules = (
			);
			dependencies = (
				26CF9C1C299E5A2700B778B9 /* PBXTargetDependency */,
			);
			name = iosApp;
			productName = iosApp;
			productReference = 7555FF7B242A565900829871 /* iosApp.app */;
			productType = "com.apple.product-type.application";
		};
/* End PBXNativeTarget section */

/* Begin PBXProject section */
		7555FF73242A565900829871 /* Project object */ = {
			isa = PBXProject;
			attributes = {
				LastSwiftUpdateCheck = 1420;
				LastUpgradeCheck = 1130;
				ORGANIZATIONNAME = orgName;
				TargetAttributes = {
					26CF9C0D299E5A2400B778B9 = {
						CreatedOnToolsVersion = 14.2;
					};
					7555FF7A242A565900829871 = {
						CreatedOnToolsVersion = 11.3.1;
					};
				};
			};
			buildConfigurationList = 7555FF76242A565900829871 /* Build configuration list for PBXProject "iosApp" */;
			compatibilityVersion = "Xcode 9.3";
			developmentRegion = en;
			hasScannedForEncodings = 0;
			knownRegions = (
				en,
			);
			mainGroup = 7555FF72242A565900829871;
			productRefGroup = 7555FF7C242A565900829871 /* Products */;
			projectDirPath = "";
			projectRoot = "";
			targets = (
				7555FF7A242A565900829871 /* iosApp */,
				26CF9C0D299E5A2400B778B9 /* JarRingClip */,
			);
		};
/* End PBXProject section */

/* Begin PBXResourcesBuildPhase section */
		26CF9C0C299E5A2400B778B9 /* Resources */ = {
			isa = PBXResourcesBuildPhase;
			buildActionMask = 2147483647;
			files = (
				26CF9C3E299EA51100B778B9 /* Assets.xcassets in Resources */,
				26CF9C18299E5A2700B778B9 /* Preview Assets.xcassets in Resources */,
				26CF9C15299E5A2700B778B9 /* Assets.xcassets in Resources */,
			);
			runOnlyForDeploymentPostprocessing = 0;
		};
		7555FF79242A565900829871 /* Resources */ = {
			isa = PBXResourcesBuildPhase;
			buildActionMask = 2147483647;
			files = (
				058557D9273AAEEB004C7B11 /* Preview Assets.xcassets in Resources */,
				058557BB273AAA24004C7B11 /* Assets.xcassets in Resources */,
			);
			runOnlyForDeploymentPostprocessing = 0;
		};
/* End PBXResourcesBuildPhase section */

/* Begin PBXShellScriptBuildPhase section */
		26D7489CBCCB3EA78976CC04 /* [CP] Check Pods Manifest.lock */ = {
			isa = PBXShellScriptBuildPhase;
			buildActionMask = 12;
			files = (
			);
			inputFileListPaths = (
			);
			inputPaths = (
				"${PODS_PODFILE_DIR_PATH}/Podfile.lock",
				"${PODS_ROOT}/Manifest.lock",
			);
			name = "[CP] Check Pods Manifest.lock";
			outputFileListPaths = (
			);
			outputPaths = (
				"$(DERIVED_FILE_DIR)/Pods-iosApp-checkManifestLockResult.txt",
			);
			runOnlyForDeploymentPostprocessing = 0;
			shellPath = /bin/sh;
			shellScript = "diff \"${PODS_PODFILE_DIR_PATH}/Podfile.lock\" \"${PODS_ROOT}/Manifest.lock\" > /dev/null\nif [ $? != 0 ] ; then\n    # print error to STDERR\n    echo \"error: The sandbox is not in sync with the Podfile.lock. Run 'pod install' or update your CocoaPods installation.\" >&2\n    exit 1\nfi\n# This output is used by Xcode 'outputs' to avoid re-running this script phase.\necho \"SUCCESS\" > \"${SCRIPT_OUTPUT_FILE_0}\"\n";
			showEnvVarsInLog = 0;
		};
		C8941EF53AA4742230655BA2 /* [CP] Check Pods Manifest.lock */ = {
			isa = PBXShellScriptBuildPhase;
			buildActionMask = 2147483647;
			files = (
			);
			inputFileListPaths = (
			);
			inputPaths = (
				"${PODS_PODFILE_DIR_PATH}/Podfile.lock",
				"${PODS_ROOT}/Manifest.lock",
			);
			name = "[CP] Check Pods Manifest.lock";
			outputFileListPaths = (
			);
			outputPaths = (
				"$(DERIVED_FILE_DIR)/Pods-JarRingClip-checkManifestLockResult.txt",
			);
			runOnlyForDeploymentPostprocessing = 0;
			shellPath = /bin/sh;
			shellScript = "diff \"${PODS_PODFILE_DIR_PATH}/Podfile.lock\" \"${PODS_ROOT}/Manifest.lock\" > /dev/null\nif [ $? != 0 ] ; then\n    # print error to STDERR\n    echo \"error: The sandbox is not in sync with the Podfile.lock. Run 'pod install' or update your CocoaPods installation.\" >&2\n    exit 1\nfi\n# This output is used by Xcode 'outputs' to avoid re-running this script phase.\necho \"SUCCESS\" > \"${SCRIPT_OUTPUT_FILE_0}\"\n";
			showEnvVarsInLog = 0;
		};
/* End PBXShellScriptBuildPhase section */

/* Begin PBXSourcesBuildPhase section */
		26CF9C0A299E5A2400B778B9 /* Sources */ = {
			isa = PBXSourcesBuildPhase;
			buildActionMask = 2147483647;
			files = (
				26CF9C3C299EA4DC00B778B9 /* ViewModel.swift in Sources */,
				26CF9C3D299EA4DC00B778B9 /* JarModal.swift in Sources */,
				26CF9C2C299EA47D00B778B9 /* ReadNFC.swift in Sources */,
				26CF9C2D299EA47D00B778B9 /* SingleJarMinimized.swift in Sources */,
				26CF9C2E299EA47D00B778B9 /* JarDetails.swift in Sources */,
				26CF9C2F299EA47D00B778B9 /* JarNoDetails.swift in Sources */,
				26CF9C30299EA47D00B778B9 /* NotRegistered.swift in Sources */,
				26CF9C31299EA47D00B778B9 /* Account.swift in Sources */,
				26CF9C32299EA47D00B778B9 /* Buttons.swift in Sources */,
				26CF9C33299EA47D00B778B9 /* UIConstants.swift in Sources */,
				26CF9C34299EA47D00B778B9 /* Font.swift in Sources */,
				26CF9C35299EA47D00B778B9 /* Color.swift in Sources */,
				26CF9C36299EA47D00B778B9 /* TapJarButton.swift in Sources */,
				26CF9C37299EA47D00B778B9 /* HomePage.swift in Sources */,
				26CF9C38299EA47D00B778B9 /* Extensions.swift in Sources */,
				26CF9C39299EA47D00B778B9 /* ViewJar.swift in Sources */,
				26CF9C3A299EA47D00B778B9 /* MyJars.swift in Sources */,
				26CF9C3B299EA47D00B778B9 /* PreviousJars.swift in Sources */,
				26CF9C24299EA46B00B778B9 /* SignUp.swift in Sources */,
				26CF9C25299EA46B00B778B9 /* SignIn.swift in Sources */,
				26CF9C26299EA46B00B778B9 /* UserAuth.swift in Sources */,
				26CF9C27299EA46B00B778B9 /* AccountSettings.swift in Sources */,
				26CF9C2A299EA46B00B778B9 /* ContentView.swift in Sources */,
				26CF9C11299E5A2500B778B9 /* JarRingClipApp.swift in Sources */,
			);
			runOnlyForDeploymentPostprocessing = 0;
		};
		7555FF77242A565900829871 /* Sources */ = {
			isa = PBXSourcesBuildPhase;
			buildActionMask = 2147483647;
			files = (
				266948DB298041FE0006A2F2 /* UserAuth.swift in Sources */,
				2152FB042600AC8F00CF470E /* iOSApp.swift in Sources */,
				2637B44229721CBC0079151C /* SignIn.swift in Sources */,
				2637B4482972236A0079151C /* Font.swift in Sources */,
				261550C1295B57F000CEC9DC /* SingleJarMinimized.swift in Sources */,
				26B7D2C5296F9F8C006D5228 /* ReadNFC.swift in Sources */,
				26830593295610A9004BF8C4 /* Extensions.swift in Sources */,
				26C04EB9296F5E9E00640FDC /* JarModal.swift in Sources */,
				2683058B29560D00004BF8C4 /* HomePage.swift in Sources */,
				2637B446297223370079151C /* UIConstants.swift in Sources */,
				261550C3295B602C00CEC9DC /* Account.swift in Sources */,
				2683058E29560FDF004BF8C4 /* TapJarButton.swift in Sources */,
				26FC5B4C295B4406001C4881 /* JarDetails.swift in Sources */,
				261550BE295B574800CEC9DC /* NotRegistered.swift in Sources */,
				266948DE2980421C0006A2F2 /* AccountSettings.swift in Sources */,
				2637B44A297223F20079151C /* Color.swift in Sources */,
				2683058629560CB8004BF8C4 /* MyJars.swift in Sources */,
				2683058429560CA9004BF8C4 /* ViewJar.swift in Sources */,
				26D884A62965FA51003BA81C /* ViewModel.swift in Sources */,
				2683058829560CC4004BF8C4 /* PreviousJars.swift in Sources */,
				7555FF83242A565900829871 /* ContentView.swift in Sources */,
				2637B444297220170079151C /* SignUp.swift in Sources */,
				2683059129561039004BF8C4 /* Buttons.swift in Sources */,
				261550BC295B572600CEC9DC /* JarNoDetails.swift in Sources */,
			);
			runOnlyForDeploymentPostprocessing = 0;
		};
/* End PBXSourcesBuildPhase section */

/* Begin PBXTargetDependency section */
		26CF9C1C299E5A2700B778B9 /* PBXTargetDependency */ = {
			isa = PBXTargetDependency;
			target = 26CF9C0D299E5A2400B778B9 /* JarRingClip */;
			targetProxy = 26CF9C1B299E5A2700B778B9 /* PBXContainerItemProxy */;
		};
/* End PBXTargetDependency section */

/* Begin XCBuildConfiguration section */
		26CF9C1F299E5A2700B778B9 /* Debug */ = {
			isa = XCBuildConfiguration;
			baseConfigurationReference = 256DFE90201F9EE17E65ABAC /* Pods-JarRingClip.debug.xcconfig */;
			buildSettings = {
				ASSETCATALOG_COMPILER_APPICON_NAME = AppIcon;
				ASSETCATALOG_COMPILER_GLOBAL_ACCENT_COLOR_NAME = AccentColor;
				CLANG_CXX_LANGUAGE_STANDARD = "gnu++20";
				CODE_SIGN_ENTITLEMENTS = JarRingClip/JarRingClip.entitlements;
				CODE_SIGN_IDENTITY = "Apple Development";
				CODE_SIGN_STYLE = Automatic;
				CURRENT_PROJECT_VERSION = 3;
				DEBUG_INFORMATION_FORMAT = dwarf;
				DEVELOPMENT_ASSET_PATHS = "\"JarRingClip/Preview Content\"";
				DEVELOPMENT_TEAM = VW76JQGB68;
				ENABLE_PREVIEWS = YES;
				GENERATE_INFOPLIST_FILE = YES;
				INFOPLIST_FILE = JarRingClip/Info.plist;
				INFOPLIST_KEY_CFBundleDisplayName = iosApp;
				INFOPLIST_KEY_UIApplicationSceneManifest_Generation = YES;
				INFOPLIST_KEY_UIApplicationSupportsIndirectInputEvents = YES;
				INFOPLIST_KEY_UILaunchScreen_Generation = YES;
				INFOPLIST_KEY_UISupportedInterfaceOrientations = UIInterfaceOrientationPortrait;
				INFOPLIST_KEY_UISupportedInterfaceOrientations_iPad = "UIInterfaceOrientationLandscapeLeft UIInterfaceOrientationLandscapeRight UIInterfaceOrientationPortrait UIInterfaceOrientationPortraitUpsideDown";
				IPHONEOS_DEPLOYMENT_TARGET = 14.1;
				LD_RUNPATH_SEARCH_PATHS = (
					"$(inherited)",
					"@executable_path/Frameworks",
				);
				MARKETING_VERSION = 1.0;
				PRODUCT_BUNDLE_IDENTIFIER = diarmuiddevs.JarringApp.Clip;
				PRODUCT_NAME = "$(TARGET_NAME)";
				SUPPORTED_PLATFORMS = "iphoneos iphonesimulator";
				SUPPORTS_MACCATALYST = NO;
				SUPPORTS_MAC_DESIGNED_FOR_IPHONE_IPAD = NO;
				SWIFT_EMIT_LOC_STRINGS = YES;
				SWIFT_VERSION = 5.0;
				TARGETED_DEVICE_FAMILY = 1;
			};
			name = Debug;
		};
		26CF9C20299E5A2700B778B9 /* Release */ = {
			isa = XCBuildConfiguration;
			baseConfigurationReference = 6A04AFE761E2F40178AACF9D /* Pods-JarRingClip.release.xcconfig */;
			buildSettings = {
				ASSETCATALOG_COMPILER_APPICON_NAME = AppIcon;
				ASSETCATALOG_COMPILER_GLOBAL_ACCENT_COLOR_NAME = AccentColor;
				CLANG_CXX_LANGUAGE_STANDARD = "gnu++20";
				CODE_SIGN_ENTITLEMENTS = JarRingClip/JarRingClip.entitlements;
				CODE_SIGN_IDENTITY = "Apple Development";
				CODE_SIGN_STYLE = Automatic;
				CURRENT_PROJECT_VERSION = 3;
				DEVELOPMENT_ASSET_PATHS = "\"JarRingClip/Preview Content\"";
				DEVELOPMENT_TEAM = VW76JQGB68;
				ENABLE_PREVIEWS = YES;
				GENERATE_INFOPLIST_FILE = YES;
				INFOPLIST_FILE = JarRingClip/Info.plist;
				INFOPLIST_KEY_CFBundleDisplayName = iosApp;
				INFOPLIST_KEY_UIApplicationSceneManifest_Generation = YES;
				INFOPLIST_KEY_UIApplicationSupportsIndirectInputEvents = YES;
				INFOPLIST_KEY_UILaunchScreen_Generation = YES;
				INFOPLIST_KEY_UISupportedInterfaceOrientations = UIInterfaceOrientationPortrait;
				INFOPLIST_KEY_UISupportedInterfaceOrientations_iPad = "UIInterfaceOrientationLandscapeLeft UIInterfaceOrientationLandscapeRight UIInterfaceOrientationPortrait UIInterfaceOrientationPortraitUpsideDown";
				IPHONEOS_DEPLOYMENT_TARGET = 14.1;
				LD_RUNPATH_SEARCH_PATHS = (
					"$(inherited)",
					"@executable_path/Frameworks",
				);
				MARKETING_VERSION = 1.0;
				PRODUCT_BUNDLE_IDENTIFIER = diarmuiddevs.JarringApp.Clip;
				PRODUCT_NAME = "$(TARGET_NAME)";
				SUPPORTED_PLATFORMS = "iphoneos iphonesimulator";
				SUPPORTS_MACCATALYST = NO;
				SUPPORTS_MAC_DESIGNED_FOR_IPHONE_IPAD = NO;
				SWIFT_EMIT_LOC_STRINGS = YES;
				SWIFT_VERSION = 5.0;
				TARGETED_DEVICE_FAMILY = 1;
			};
			name = Release;
		};
		7555FFA3242A565B00829871 /* Debug */ = {
			isa = XCBuildConfiguration;
			buildSettings = {
				ALWAYS_SEARCH_USER_PATHS = NO;
				CLANG_ANALYZER_NONNULL = YES;
				CLANG_ANALYZER_NUMBER_OBJECT_CONVERSION = YES_AGGRESSIVE;
				CLANG_CXX_LANGUAGE_STANDARD = "gnu++14";
				CLANG_CXX_LIBRARY = "libc++";
				CLANG_ENABLE_MODULES = YES;
				CLANG_ENABLE_OBJC_ARC = YES;
				CLANG_ENABLE_OBJC_WEAK = YES;
				CLANG_WARN_BLOCK_CAPTURE_AUTORELEASING = YES;
				CLANG_WARN_BOOL_CONVERSION = YES;
				CLANG_WARN_COMMA = YES;
				CLANG_WARN_CONSTANT_CONVERSION = YES;
				CLANG_WARN_DEPRECATED_OBJC_IMPLEMENTATIONS = YES;
				CLANG_WARN_DIRECT_OBJC_ISA_USAGE = YES_ERROR;
				CLANG_WARN_DOCUMENTATION_COMMENTS = YES;
				CLANG_WARN_EMPTY_BODY = YES;
				CLANG_WARN_ENUM_CONVERSION = YES;
				CLANG_WARN_INFINITE_RECURSION = YES;
				CLANG_WARN_INT_CONVERSION = YES;
				CLANG_WARN_NON_LITERAL_NULL_CONVERSION = YES;
				CLANG_WARN_OBJC_IMPLICIT_RETAIN_SELF = YES;
				CLANG_WARN_OBJC_LITERAL_CONVERSION = YES;
				CLANG_WARN_OBJC_ROOT_CLASS = YES_ERROR;
				CLANG_WARN_QUOTED_INCLUDE_IN_FRAMEWORK_HEADER = YES;
				CLANG_WARN_RANGE_LOOP_ANALYSIS = YES;
				CLANG_WARN_STRICT_PROTOTYPES = YES;
				CLANG_WARN_SUSPICIOUS_MOVE = YES;
				CLANG_WARN_UNGUARDED_AVAILABILITY = YES_AGGRESSIVE;
				CLANG_WARN_UNREACHABLE_CODE = YES;
				CLANG_WARN__DUPLICATE_METHOD_MATCH = YES;
				COPY_PHASE_STRIP = NO;
				DEBUG_INFORMATION_FORMAT = "dwarf-with-dsym";
				ENABLE_STRICT_OBJC_MSGSEND = YES;
				ENABLE_TESTABILITY = YES;
				GCC_C_LANGUAGE_STANDARD = gnu11;
				GCC_DYNAMIC_NO_PIC = NO;
				GCC_NO_COMMON_BLOCKS = YES;
				GCC_OPTIMIZATION_LEVEL = 0;
				GCC_PREPROCESSOR_DEFINITIONS = (
					"DEBUG=1",
					"$(inherited)",
				);
				GCC_WARN_64_TO_32_BIT_CONVERSION = YES;
				GCC_WARN_ABOUT_RETURN_TYPE = YES_ERROR;
				GCC_WARN_UNDECLARED_SELECTOR = YES;
				GCC_WARN_UNINITIALIZED_AUTOS = YES_AGGRESSIVE;
				GCC_WARN_UNUSED_FUNCTION = YES;
				GCC_WARN_UNUSED_VARIABLE = YES;
				IPHONEOS_DEPLOYMENT_TARGET = 14.1;
				MTL_ENABLE_DEBUG_INFO = INCLUDE_SOURCE;
				MTL_FAST_MATH = YES;
				ONLY_ACTIVE_ARCH = YES;
				SDKROOT = iphoneos;
				SWIFT_ACTIVE_COMPILATION_CONDITIONS = DEBUG;
				SWIFT_OPTIMIZATION_LEVEL = "-Onone";
			};
			name = Debug;
		};
		7555FFA4242A565B00829871 /* Release */ = {
			isa = XCBuildConfiguration;
			buildSettings = {
				ALWAYS_SEARCH_USER_PATHS = NO;
				CLANG_ANALYZER_NONNULL = YES;
				CLANG_ANALYZER_NUMBER_OBJECT_CONVERSION = YES_AGGRESSIVE;
				CLANG_CXX_LANGUAGE_STANDARD = "gnu++14";
				CLANG_CXX_LIBRARY = "libc++";
				CLANG_ENABLE_MODULES = YES;
				CLANG_ENABLE_OBJC_ARC = YES;
				CLANG_ENABLE_OBJC_WEAK = YES;
				CLANG_WARN_BLOCK_CAPTURE_AUTORELEASING = YES;
				CLANG_WARN_BOOL_CONVERSION = YES;
				CLANG_WARN_COMMA = YES;
				CLANG_WARN_CONSTANT_CONVERSION = YES;
				CLANG_WARN_DEPRECATED_OBJC_IMPLEMENTATIONS = YES;
				CLANG_WARN_DIRECT_OBJC_ISA_USAGE = YES_ERROR;
				CLANG_WARN_DOCUMENTATION_COMMENTS = YES;
				CLANG_WARN_EMPTY_BODY = YES;
				CLANG_WARN_ENUM_CONVERSION = YES;
				CLANG_WARN_INFINITE_RECURSION = YES;
				CLANG_WARN_INT_CONVERSION = YES;
				CLANG_WARN_NON_LITERAL_NULL_CONVERSION = YES;
				CLANG_WARN_OBJC_IMPLICIT_RETAIN_SELF = YES;
				CLANG_WARN_OBJC_LITERAL_CONVERSION = YES;
				CLANG_WARN_OBJC_ROOT_CLASS = YES_ERROR;
				CLANG_WARN_QUOTED_INCLUDE_IN_FRAMEWORK_HEADER = YES;
				CLANG_WARN_RANGE_LOOP_ANALYSIS = YES;
				CLANG_WARN_STRICT_PROTOTYPES = YES;
				CLANG_WARN_SUSPICIOUS_MOVE = YES;
				CLANG_WARN_UNGUARDED_AVAILABILITY = YES_AGGRESSIVE;
				CLANG_WARN_UNREACHABLE_CODE = YES;
				CLANG_WARN__DUPLICATE_METHOD_MATCH = YES;
				COPY_PHASE_STRIP = NO;
				DEBUG_INFORMATION_FORMAT = "dwarf-with-dsym";
				ENABLE_NS_ASSERTIONS = NO;
				ENABLE_STRICT_OBJC_MSGSEND = YES;
				GCC_C_LANGUAGE_STANDARD = gnu11;
				GCC_NO_COMMON_BLOCKS = YES;
				GCC_WARN_64_TO_32_BIT_CONVERSION = YES;
				GCC_WARN_ABOUT_RETURN_TYPE = YES_ERROR;
				GCC_WARN_UNDECLARED_SELECTOR = YES;
				GCC_WARN_UNINITIALIZED_AUTOS = YES_AGGRESSIVE;
				GCC_WARN_UNUSED_FUNCTION = YES;
				GCC_WARN_UNUSED_VARIABLE = YES;
				IPHONEOS_DEPLOYMENT_TARGET = 14.1;
				MTL_ENABLE_DEBUG_INFO = NO;
				MTL_FAST_MATH = YES;
				SDKROOT = iphoneos;
				SWIFT_COMPILATION_MODE = wholemodule;
				SWIFT_OPTIMIZATION_LEVEL = "-O";
				VALIDATE_PRODUCT = YES;
			};
			name = Release;
		};
		7555FFA6242A565B00829871 /* Debug */ = {
			isa = XCBuildConfiguration;
			baseConfigurationReference = 2D0246D5738060BFD2BCC1B7 /* Pods-iosApp.debug.xcconfig */;
			buildSettings = {
				ALWAYS_EMBED_SWIFT_STANDARD_LIBRARIES = YES;
				ASSETCATALOG_COMPILER_APPICON_NAME = AppIcon;
				CODE_SIGN_ENTITLEMENTS = iosApp/iosApp.entitlements;
				CODE_SIGN_IDENTITY = "Apple Development";
				CODE_SIGN_STYLE = Automatic;
				CURRENT_PROJECT_VERSION = 3;
				DEVELOPMENT_ASSET_PATHS = "\"iosApp/Preview Content\"";
				DEVELOPMENT_TEAM = VW76JQGB68;
				ENABLE_PREVIEWS = YES;
				FRAMEWORK_SEARCH_PATHS = (
					"$(inherited)",
					"\"${PODS_ROOT}/../../shared/build/cocoapods/framework\"",
				);
				INFOPLIST_FILE = iosApp/Info.plist;
				INFOPLIST_KEY_CFBundleDisplayName = JarRing;
				INFOPLIST_KEY_LSApplicationCategoryType = "public.app-category.lifestyle";
				LD_RUNPATH_SEARCH_PATHS = (
					"$(inherited)",
					"@executable_path/Frameworks",
				);
				MARKETING_VERSION = 1.0;
				OTHER_LDFLAGS = (
					"$(inherited)",
					"-framework",
					shared,
				);
				PRODUCT_BUNDLE_IDENTIFIER = diarmuiddevs.JarringApp;
				PRODUCT_NAME = "$(TARGET_NAME)";
				PROVISIONING_PROFILE_SPECIFIER = "";
				SUPPORTED_PLATFORMS = "iphoneos iphonesimulator";
				SUPPORTS_MACCATALYST = NO;
				SUPPORTS_MAC_DESIGNED_FOR_IPHONE_IPAD = NO;
				SWIFT_VERSION = 5.0;
				TARGETED_DEVICE_FAMILY = 1;
			};
			name = Debug;
		};
		7555FFA7242A565B00829871 /* Release */ = {
			isa = XCBuildConfiguration;
			baseConfigurationReference = D1062D517B5F35304B67EB09 /* Pods-iosApp.release.xcconfig */;
			buildSettings = {
				ALWAYS_EMBED_SWIFT_STANDARD_LIBRARIES = YES;
				ASSETCATALOG_COMPILER_APPICON_NAME = AppIcon;
				CODE_SIGN_ENTITLEMENTS = iosApp/iosApp.entitlements;
				CODE_SIGN_IDENTITY = "Apple Development";
				CODE_SIGN_STYLE = Automatic;
				CURRENT_PROJECT_VERSION = 3;
				DEVELOPMENT_ASSET_PATHS = "\"iosApp/Preview Content\"";
				DEVELOPMENT_TEAM = VW76JQGB68;
				ENABLE_PREVIEWS = YES;
				FRAMEWORK_SEARCH_PATHS = (
					"$(inherited)",
					"\"${PODS_ROOT}/../../shared/build/cocoapods/framework\"",
				);
				INFOPLIST_FILE = iosApp/Info.plist;
				INFOPLIST_KEY_CFBundleDisplayName = JarRing;
				INFOPLIST_KEY_LSApplicationCategoryType = "public.app-category.lifestyle";
				LD_RUNPATH_SEARCH_PATHS = (
					"$(inherited)",
					"@executable_path/Frameworks",
				);
				MARKETING_VERSION = 1.0;
				OTHER_LDFLAGS = (
					"$(inherited)",
					"-framework",
					shared,
				);
				PRODUCT_BUNDLE_IDENTIFIER = diarmuiddevs.JarringApp;
				PRODUCT_NAME = "$(TARGET_NAME)";
				PROVISIONING_PROFILE_SPECIFIER = "";
				SUPPORTED_PLATFORMS = "iphoneos iphonesimulator";
				SUPPORTS_MACCATALYST = NO;
				SUPPORTS_MAC_DESIGNED_FOR_IPHONE_IPAD = NO;
				SWIFT_VERSION = 5.0;
				TARGETED_DEVICE_FAMILY = 1;
			};
			name = Release;
		};
/* End XCBuildConfiguration section */

/* Begin XCConfigurationList section */
		26CF9C1E299E5A2700B778B9 /* Build configuration list for PBXNativeTarget "JarRingClip" */ = {
			isa = XCConfigurationList;
			buildConfigurations = (
				26CF9C1F299E5A2700B778B9 /* Debug */,
				26CF9C20299E5A2700B778B9 /* Release */,
			);
			defaultConfigurationIsVisible = 0;
			defaultConfigurationName = Release;
		};
		7555FF76242A565900829871 /* Build configuration list for PBXProject "iosApp" */ = {
			isa = XCConfigurationList;
			buildConfigurations = (
				7555FFA3242A565B00829871 /* Debug */,
				7555FFA4242A565B00829871 /* Release */,
			);
			defaultConfigurationIsVisible = 0;
			defaultConfigurationName = Release;
		};
		7555FFA5242A565B00829871 /* Build configuration list for PBXNativeTarget "iosApp" */ = {
			isa = XCConfigurationList;
			buildConfigurations = (
				7555FFA6242A565B00829871 /* Debug */,
				7555FFA7242A565B00829871 /* Release */,
			);
			defaultConfigurationIsVisible = 0;
			defaultConfigurationName = Release;
		};
/* End XCConfigurationList section */
	};
	rootObject = 7555FF73242A565900829871 /* Project object */;
}
